
Microsoft Visual Studio Solution File, Format Version 12.00
# Visual Studio 14
VisualStudioVersion = 14.0.25420.1
MinimumVisualStudioVersion = 10.0.40219.1
Project("{2150E333-8FDC-42A3-9474-1A3956D46DE8}") = "src", "src", "{D8F2238E-F6CF-4424-8975-E6B38E7DF2FE}"
EndProject
Project("{2150E333-8FDC-42A3-9474-1A3956D46DE8}") = "Solution Items", "Solution Items", "{50121D11-AAA7-427E-9756-A2AD5E055F77}"
	ProjectSection(SolutionItems) = preProject
		global.json = global.json
	EndProjectSection
EndProject
Project("{8BB2217D-0F2D-49D1-97BC-3654ED321F3B}") = "ConsoleApp1", "src\ConsoleApp1\ConsoleApp1.xproj", "{B854C8C8-0981-4FF8-B82B-995E8E372980}"
EndProject
Project("{FAE04EC0-301F-11D3-BF4B-00C04F79EFBC}") = "ConsoleApplication1", "ConsoleApplication1\ConsoleApplication1.csproj", "{99BA158F-2129-4CA4-B537-23003C8F448E}"
EndProject
Project("{8BB2217D-0F2D-49D1-97BC-3654ED321F3B}") = "WebApplication1", "src\WebApplication1\WebApplication1.xproj", "{ADFABB0C-633A-43C9-8CC7-8C71A324579F}"
EndProject
Project("{8BB2217D-0F2D-49D1-97BC-3654ED321F3B}") = "ConsoleApp2", "src\ConsoleApp2\ConsoleApp2.xproj", "{41AE8C78-571D-4992-8A00-0A138122A228}"
EndProject
Global
	GlobalSection(SolutionConfigurationPlatforms) = preSolution
		Debug|Any CPU = Debug|Any CPU
		Release|Any CPU = Release|Any CPU
	EndGlobalSection
	GlobalSection(ProjectConfigurationPlatforms) = postSolution
		{B854C8C8-0981-4FF8-B82B-995E8E372980}.Debug|Any CPU.ActiveCfg = Debug|Any CPU
		{B854C8C8-0981-4FF8-B82B-995E8E372980}.Debug|Any CPU.Build.0 = Debug|Any CPU
		{B854C8C8-0981-4FF8-B82B-995E8E372980}.Release|Any CPU.ActiveCfg = Release|Any CPU
		{B854C8C8-0981-4FF8-B82B-995E8E372980}.Release|Any CPU.Build.0 = Release|Any CPU
		{99BA158F-2129-4CA4-B537-23003C8F448E}.Debug|Any CPU.ActiveCfg = Debug|Any CPU
		{99BA158F-2129-4CA4-B537-23003C8F448E}.Debug|Any CPU.Build.0 = Debug|Any CPU
		{99BA158F-2129-4CA4-B537-23003C8F448E}.Release|Any CPU.ActiveCfg = Release|Any CPU
		{99BA158F-2129-4CA4-B537-23003C8F448E}.Release|Any CPU.Build.0 = Release|Any CPU
		{ADFABB0C-633A-43C9-8CC7-8C71A324579F}.Debug|Any CPU.ActiveCfg = Debug|Any CPU
		{ADFABB0C-633A-43C9-8CC7-8C71A324579F}.Debug|Any CPU.Build.0 = Debug|Any CPU
		{ADFABB0C-633A-43C9-8CC7-8C71A324579F}.Release|Any CPU.ActiveCfg = Release|Any CPU
		{ADFABB0C-633A-43C9-8CC7-8C71A324579F}.Release|Any CPU.Build.0 = Release|Any CPU
		{41AE8C78-571D-4992-8A00-0A138122A228}.Debug|Any CPU.ActiveCfg = Debug|Any CPU
		{41AE8C78-571D-4992-8A00-0A138122A228}.Debug|Any CPU.Build.0 = Debug|Any CPU
		{41AE8C78-571D-4992-8A00-0A138122A228}.Release|Any CPU.ActiveCfg = Release|Any CPU
		{41AE8C78-571D-4992-8A00-0A138122A228}.Release|Any CPU.Build.0 = Release|Any CPU
	EndGlobalSection
	GlobalSection(SolutionProperties) = preSolution
		HideSolutionNode = FALSE
	EndGlobalSection
	GlobalSection(NestedProjects) = preSolution
		{B854C8C8-0981-4FF8-B82B-995E8E372980} = {D8F2238E-F6CF-4424-8975-E6B38E7DF2FE}
		{99BA158F-2129-4CA4-B537-23003C8F448E} = {D8F2238E-F6CF-4424-8975-E6B38E7DF2FE}
		{ADFABB0C-633A-43C9-8CC7-8C71A324579F} = {D8F2238E-F6CF-4424-8975-E6B38E7DF2FE}
		{41AE8C78-571D-4992-8A00-0A138122A228} = {D8F2238E-F6CF-4424-8975-E6B38E7DF2FE}
	EndGlobalSection
EndGlobal
